
Microsoft Visual Studio Solution File, Format Version 11.00
# Visual Studio 2010
# SharpDevelop 4.4
Project("{FAE04EC0-301F-11D3-BF4B-00C04F79EFBC}") = "Tugas Pertemuan 4", "Tugas Pertemuan 4\Tugas Pertemuan 4.csproj", "{0D3547C0-D9CF-44BB-8114-E327181875E0}"
EndProject
Global
	GlobalSection(SolutionConfigurationPlatforms) = preSolution
		Debug|Any CPU = Debug|Any CPU
		Release|Any CPU = Release|Any CPU
	EndGlobalSection
	GlobalSection(ProjectConfigurationPlatforms) = postSolution
		{0D3547C0-D9CF-44BB-8114-E327181875E0}.Debug|Any CPU.Build.0 = Debug|Any CPU
		{0D3547C0-D9CF-44BB-8114-E327181875E0}.Debug|Any CPU.ActiveCfg = Debug|Any CPU
		{0D3547C0-D9CF-44BB-8114-E327181875E0}.Release|Any CPU.Build.0 = Release|Any CPU
		{0D3547C0-D9CF-44BB-8114-E327181875E0}.Release|Any CPU.ActiveCfg = Release|Any CPU
	EndGlobalSection
EndGlobal
